
Microsoft Visual Studio Solution File, Format Version 12.00
# Visual Studio Version 17
VisualStudioVersion = 17.11.35222.181
MinimumVisualStudioVersion = 10.0.40219.1
Project("{FAE04EC0-301F-11D3-BF4B-00C04F79EFBC}") = "Prog01start", "Prog01start\Prog01start.csproj", "{602E53BE-408F-46FF-A685-41236871A13C}"
EndProject
Global
	GlobalSection(SolutionConfigurationPlatforms) = preSolution
		Debug|Any CPU = Debug|Any CPU
		Release|Any CPU = Release|Any CPU
	EndGlobalSection
	GlobalSection(ProjectConfigurationPlatforms) = postSolution
		{602E53BE-408F-46FF-A685-41236871A13C}.Debug|Any CPU.ActiveCfg = Debug|Any CPU
		{602E53BE-408F-46FF-A685-41236871A13C}.Debug|Any CPU.Build.0 = Debug|Any CPU
		{602E53BE-408F-46FF-A685-41236871A13C}.Release|Any CPU.ActiveCfg = Release|Any CPU
		{602E53BE-408F-46FF-A685-41236871A13C}.Release|Any CPU.Build.0 = Release|Any CPU
	EndGlobalSection
	GlobalSection(SolutionProperties) = preSolution
		HideSolutionNode = FALSE
	EndGlobalSection
	GlobalSection(ExtensibilityGlobals) = postSolution
		SolutionGuid = {6A0645D0-C63A-4C41-ABD8-77EEFF5DA4A7}
	EndGlobalSection
EndGlobal
